
Microsoft Visual Studio Solution File, Format Version 12.00
# Visual Studio Version 17
VisualStudioVersion = 17.14.36511.14
MinimumVisualStudioVersion = 10.0.40219.1
Project("{FAE04EC0-301F-11D3-BF4B-00C04F79EFBC}") = "Parcial2CombateTurnos.UI", "Parcial2CombateTurnos.UI\Parcial2CombateTurnos.UI.csproj", "{C3A23E40-E297-493F-B066-59FCF93042C1}"
EndProject
Project("{FAE04EC0-301F-11D3-BF4B-00C04F79EFBC}") = "Parcial2CombateTurnos.BLL", "Parcial2CombateTurnos.BLL\Parcial2CombateTurnos.BLL.csproj", "{356CFAC3-27B2-4F7F-B8C2-7A8373EAA8B0}"
EndProject
Project("{FAE04EC0-301F-11D3-BF4B-00C04F79EFBC}") = "Parcial2CombateTurnos.Models", "Parcial2CombateTurnos.Models\Parcial2CombateTurnos.Models.csproj", "{4CEF9577-D8F4-4FEB-9543-A3BBB6BCDCA9}"
EndProject
Global
	GlobalSection(SolutionConfigurationPlatforms) = preSolution
		Debug|Any CPU = Debug|Any CPU
		Release|Any CPU = Release|Any CPU
	EndGlobalSection
	GlobalSection(ProjectConfigurationPlatforms) = postSolution
		{C3A23E40-E297-493F-B066-59FCF93042C1}.Debug|Any CPU.ActiveCfg = Debug|Any CPU
		{C3A23E40-E297-493F-B066-59FCF93042C1}.Debug|Any CPU.Build.0 = Debug|Any CPU
		{C3A23E40-E297-493F-B066-59FCF93042C1}.Release|Any CPU.ActiveCfg = Release|Any CPU
		{C3A23E40-E297-493F-B066-59FCF93042C1}.Release|Any CPU.Build.0 = Release|Any CPU
		{356CFAC3-27B2-4F7F-B8C2-7A8373EAA8B0}.Debug|Any CPU.ActiveCfg = Debug|Any CPU
		{356CFAC3-27B2-4F7F-B8C2-7A8373EAA8B0}.Debug|Any CPU.Build.0 = Debug|Any CPU
		{356CFAC3-27B2-4F7F-B8C2-7A8373EAA8B0}.Release|Any CPU.ActiveCfg = Release|Any CPU
		{356CFAC3-27B2-4F7F-B8C2-7A8373EAA8B0}.Release|Any CPU.Build.0 = Release|Any CPU
		{4CEF9577-D8F4-4FEB-9543-A3BBB6BCDCA9}.Debug|Any CPU.ActiveCfg = Debug|Any CPU
		{4CEF9577-D8F4-4FEB-9543-A3BBB6BCDCA9}.Debug|Any CPU.Build.0 = Debug|Any CPU
		{4CEF9577-D8F4-4FEB-9543-A3BBB6BCDCA9}.Release|Any CPU.ActiveCfg = Release|Any CPU
		{4CEF9577-D8F4-4FEB-9543-A3BBB6BCDCA9}.Release|Any CPU.Build.0 = Release|Any CPU
	EndGlobalSection
	GlobalSection(SolutionProperties) = preSolution
		HideSolutionNode = FALSE
	EndGlobalSection
	GlobalSection(ExtensibilityGlobals) = postSolution
		SolutionGuid = {9AC66BC1-5B0B-4E4A-87DD-A1F2CBB34CE9}
	EndGlobalSection
EndGlobal
